
Microsoft Visual Studio Solution File, Format Version 12.00
# Visual Studio Version 17
VisualStudioVersion = 17.0.31903.59
MinimumVisualStudioVersion = 10.0.40219.1
Project("{2150E333-8FDC-42A3-9474-1A3956D46DE8}") = "src", "src", "{827E0CD3-B72D-47B6-A68D-7590B98EB39B}"
EndProject
Project("{FAE04EC0-301F-11D3-BF4B-00C04F79EFBC}") = "ErpSystem.Domain", "src\ErpSystem.Domain\ErpSystem.Domain.csproj", "{3A0C3B81-0551-4EBD-A146-E13A86C3DDE6}"
EndProject
Project("{FAE04EC0-301F-11D3-BF4B-00C04F79EFBC}") = "ErpSystem.Application", "src\ErpSystem.Application\ErpSystem.Application.csproj", "{A020CDA3-31D7-4F76-BBC9-F659ED4C697F}"
EndProject
Project("{FAE04EC0-301F-11D3-BF4B-00C04F79EFBC}") = "ErpSystem.Infrastructure", "src\ErpSystem.Infrastructure\ErpSystem.Infrastructure.csproj", "{7E839842-68D2-4C4B-A2AE-AF452BE6CD27}"
EndProject
Project("{FAE04EC0-301F-11D3-BF4B-00C04F79EFBC}") = "ErpSystem.Api", "src\ErpSystem.Api\ErpSystem.Api.csproj", "{8A48A86B-874E-4BF9-BAD9-0C94FA4C4533}"
EndProject
Project("{FAE04EC0-301F-11D3-BF4B-00C04F79EFBC}") = "ErpSystem.Desktop", "src\ErpSystem.Desktop\ErpSystem.Desktop.csproj", "{3BF4986D-8406-428B-9108-0283FE16B7A0}"
EndProject
Project("{FAE04EC0-301F-11D3-BF4B-00C04F79EFBC}") = "ErpSystem.Shared", "src\ErpSystem.Shared\ErpSystem.Shared.csproj", "{66EDC034-72D1-48E7-982A-C5284083D2B8}"
EndProject
Project("{FAE04EC0-301F-11D3-BF4B-00C04F79EFBC}") = "ErpSystem.Tests", "tests\ErpSystem.Tests\ErpSystem.Tests.csproj", "{9D781919-2B94-4874-A12B-E00B9060622C}"
EndProject
Global
	GlobalSection(SolutionConfigurationPlatforms) = preSolution
		Debug|Any CPU = Debug|Any CPU
		Debug|x64 = Debug|x64
		Debug|x86 = Debug|x86
		Release|Any CPU = Release|Any CPU
		Release|x64 = Release|x64
		Release|x86 = Release|x86
	EndGlobalSection
	GlobalSection(ProjectConfigurationPlatforms) = postSolution
		{3A0C3B81-0551-4EBD-A146-E13A86C3DDE6}.Debug|Any CPU.ActiveCfg = Debug|Any CPU
		{3A0C3B81-0551-4EBD-A146-E13A86C3DDE6}.Debug|Any CPU.Build.0 = Debug|Any CPU
		{3A0C3B81-0551-4EBD-A146-E13A86C3DDE6}.Debug|x64.ActiveCfg = Debug|Any CPU
		{3A0C3B81-0551-4EBD-A146-E13A86C3DDE6}.Debug|x64.Build.0 = Debug|Any CPU
		{3A0C3B81-0551-4EBD-A146-E13A86C3DDE6}.Debug|x86.ActiveCfg = Debug|Any CPU
		{3A0C3B81-0551-4EBD-A146-E13A86C3DDE6}.Debug|x86.Build.0 = Debug|Any CPU
		{3A0C3B81-0551-4EBD-A146-E13A86C3DDE6}.Release|Any CPU.ActiveCfg = Release|Any CPU
		{3A0C3B81-0551-4EBD-A146-E13A86C3DDE6}.Release|Any CPU.Build.0 = Release|Any CPU
		{3A0C3B81-0551-4EBD-A146-E13A86C3DDE6}.Release|x64.ActiveCfg = Release|Any CPU
		{3A0C3B81-0551-4EBD-A146-E13A86C3DDE6}.Release|x64.Build.0 = Release|Any CPU
		{3A0C3B81-0551-4EBD-A146-E13A86C3DDE6}.Release|x86.ActiveCfg = Release|Any CPU
		{3A0C3B81-0551-4EBD-A146-E13A86C3DDE6}.Release|x86.Build.0 = Release|Any CPU
		{A020CDA3-31D7-4F76-BBC9-F659ED4C697F}.Debug|Any CPU.ActiveCfg = Debug|Any CPU
		{A020CDA3-31D7-4F76-BBC9-F659ED4C697F}.Debug|Any CPU.Build.0 = Debug|Any CPU
		{A020CDA3-31D7-4F76-BBC9-F659ED4C697F}.Debug|x64.ActiveCfg = Debug|Any CPU
		{A020CDA3-31D7-4F76-BBC9-F659ED4C697F}.Debug|x64.Build.0 = Debug|Any CPU
		{A020CDA3-31D7-4F76-BBC9-F659ED4C697F}.Debug|x86.ActiveCfg = Debug|Any CPU
		{A020CDA3-31D7-4F76-BBC9-F659ED4C697F}.Debug|x86.Build.0 = Debug|Any CPU
		{A020CDA3-31D7-4F76-BBC9-F659ED4C697F}.Release|Any CPU.ActiveCfg = Release|Any CPU
		{A020CDA3-31D7-4F76-BBC9-F659ED4C697F}.Release|Any CPU.Build.0 = Release|Any CPU
		{A020CDA3-31D7-4F76-BBC9-F659ED4C697F}.Release|x64.ActiveCfg = Release|Any CPU
		{A020CDA3-31D7-4F76-BBC9-F659ED4C697F}.Release|x64.Build.0 = Release|Any CPU
		{A020CDA3-31D7-4F76-BBC9-F659ED4C697F}.Release|x86.ActiveCfg = Release|Any CPU
		{A020CDA3-31D7-4F76-BBC9-F659ED4C697F}.Release|x86.Build.0 = Release|Any CPU
		{7E839842-68D2-4C4B-A2AE-AF452BE6CD27}.Debug|Any CPU.ActiveCfg = Debug|Any CPU
		{7E839842-68D2-4C4B-A2AE-AF452BE6CD27}.Debug|Any CPU.Build.0 = Debug|Any CPU
		{7E839842-68D2-4C4B-A2AE-AF452BE6CD27}.Debug|x64.ActiveCfg = Debug|Any CPU
		{7E839842-68D2-4C4B-A2AE-AF452BE6CD27}.Debug|x64.Build.0 = Debug|Any CPU
		{7E839842-68D2-4C4B-A2AE-AF452BE6CD27}.Debug|x86.ActiveCfg = Debug|Any CPU
		{7E839842-68D2-4C4B-A2AE-AF452BE6CD27}.Debug|x86.Build.0 = Debug|Any CPU
		{7E839842-68D2-4C4B-A2AE-AF452BE6CD27}.Release|Any CPU.ActiveCfg = Release|Any CPU
		{7E839842-68D2-4C4B-A2AE-AF452BE6CD27}.Release|Any CPU.Build.0 = Release|Any CPU
		{7E839842-68D2-4C4B-A2AE-AF452BE6CD27}.Release|x64.ActiveCfg = Release|Any CPU
		{7E839842-68D2-4C4B-A2AE-AF452BE6CD27}.Release|x64.Build.0 = Release|Any CPU
		{7E839842-68D2-4C4B-A2AE-AF452BE6CD27}.Release|x86.ActiveCfg = Release|Any CPU
		{7E839842-68D2-4C4B-A2AE-AF452BE6CD27}.Release|x86.Build.0 = Release|Any CPU
		{8A48A86B-874E-4BF9-BAD9-0C94FA4C4533}.Debug|Any CPU.ActiveCfg = Debug|Any CPU
		{8A48A86B-874E-4BF9-BAD9-0C94FA4C4533}.Debug|Any CPU.Build.0 = Debug|Any CPU
		{8A48A86B-874E-4BF9-BAD9-0C94FA4C4533}.Debug|x64.ActiveCfg = Debug|Any CPU
		{8A48A86B-874E-4BF9-BAD9-0C94FA4C4533}.Debug|x64.Build.0 = Debug|Any CPU
		{8A48A86B-874E-4BF9-BAD9-0C94FA4C4533}.Debug|x86.ActiveCfg = Debug|Any CPU
		{8A48A86B-874E-4BF9-BAD9-0C94FA4C4533}.Debug|x86.Build.0 = Debug|Any CPU
		{8A48A86B-874E-4BF9-BAD9-0C94FA4C4533}.Release|Any CPU.ActiveCfg = Release|Any CPU
		{8A48A86B-874E-4BF9-BAD9-0C94FA4C4533}.Release|Any CPU.Build.0 = Release|Any CPU
		{8A48A86B-874E-4BF9-BAD9-0C94FA4C4533}.Release|x64.ActiveCfg = Release|Any CPU
		{8A48A86B-874E-4BF9-BAD9-0C94FA4C4533}.Release|x64.Build.0 = Release|Any CPU
		{8A48A86B-874E-4BF9-BAD9-0C94FA4C4533}.Release|x86.ActiveCfg = Release|Any CPU
		{8A48A86B-874E-4BF9-BAD9-0C94FA4C4533}.Release|x86.Build.0 = Release|Any CPU
		{3BF4986D-8406-428B-9108-0283FE16B7A0}.Debug|Any CPU.ActiveCfg = Debug|Any CPU
		{3BF4986D-8406-428B-9108-0283FE16B7A0}.Debug|Any CPU.Build.0 = Debug|Any CPU
		{3BF4986D-8406-428B-9108-0283FE16B7A0}.Debug|x64.ActiveCfg = Debug|Any CPU
		{3BF4986D-8406-428B-9108-0283FE16B7A0}.Debug|x64.Build.0 = Debug|Any CPU
		{3BF4986D-8406-428B-9108-0283FE16B7A0}.Debug|x86.ActiveCfg = Debug|Any CPU
		{3BF4986D-8406-428B-9108-0283FE16B7A0}.Debug|x86.Build.0 = Debug|Any CPU
		{3BF4986D-8406-428B-9108-0283FE16B7A0}.Release|Any CPU.ActiveCfg = Release|Any CPU
		{3BF4986D-8406-428B-9108-0283FE16B7A0}.Release|Any CPU.Build.0 = Release|Any CPU
		{3BF4986D-8406-428B-9108-0283FE16B7A0}.Release|x64.ActiveCfg = Release|Any CPU
		{3BF4986D-8406-428B-9108-0283FE16B7A0}.Release|x64.Build.0 = Release|Any CPU
		{3BF4986D-8406-428B-9108-0283FE16B7A0}.Release|x86.ActiveCfg = Release|Any CPU
		{3BF4986D-8406-428B-9108-0283FE16B7A0}.Release|x86.Build.0 = Release|Any CPU
		{66EDC034-72D1-48E7-982A-C5284083D2B8}.Debug|Any CPU.ActiveCfg = Debug|Any CPU
		{66EDC034-72D1-48E7-982A-C5284083D2B8}.Debug|Any CPU.Build.0 = Debug|Any CPU
		{66EDC034-72D1-48E7-982A-C5284083D2B8}.Debug|x64.ActiveCfg = Debug|Any CPU
		{66EDC034-72D1-48E7-982A-C5284083D2B8}.Debug|x64.Build.0 = Debug|Any CPU
		{66EDC034-72D1-48E7-982A-C5284083D2B8}.Debug|x86.ActiveCfg = Debug|Any CPU
		{66EDC034-72D1-48E7-982A-C5284083D2B8}.Debug|x86.Build.0 = Debug|Any CPU
		{66EDC034-72D1-48E7-982A-C5284083D2B8}.Release|Any CPU.ActiveCfg = Release|Any CPU
		{66EDC034-72D1-48E7-982A-C5284083D2B8}.Release|Any CPU.Build.0 = Release|Any CPU
		{66EDC034-72D1-48E7-982A-C5284083D2B8}.Release|x64.ActiveCfg = Release|Any CPU
		{66EDC034-72D1-48E7-982A-C5284083D2B8}.Release|x64.Build.0 = Release|Any CPU
		{66EDC034-72D1-48E7-982A-C5284083D2B8}.Release|x86.ActiveCfg = Release|Any CPU
		{66EDC034-72D1-48E7-982A-C5284083D2B8}.Release|x86.Build.0 = Release|Any CPU
		{9D781919-2B94-4874-A12B-E00B9060622C}.Debug|Any CPU.ActiveCfg = Debug|Any CPU
		{9D781919-2B94-4874-A12B-E00B9060622C}.Debug|Any CPU.Build.0 = Debug|Any CPU
		{9D781919-2B94-4874-A12B-E00B9060622C}.Debug|x64.ActiveCfg = Debug|Any CPU
		{9D781919-2B94-4874-A12B-E00B9060622C}.Debug|x64.Build.0 = Debug|Any CPU
		{9D781919-2B94-4874-A12B-E00B9060622C}.Debug|x86.ActiveCfg = Debug|Any CPU
		{9D781919-2B94-4874-A12B-E00B9060622C}.Debug|x86.Build.0 = Debug|Any CPU
		{9D781919-2B94-4874-A12B-E00B9060622C}.Release|Any CPU.ActiveCfg = Release|Any CPU
		{9D781919-2B94-4874-A12B-E00B9060622C}.Release|Any CPU.Build.0 = Release|Any CPU
		{9D781919-2B94-4874-A12B-E00B9060622C}.Release|x64.ActiveCfg = Release|Any CPU
		{9D781919-2B94-4874-A12B-E00B9060622C}.Release|x64.Build.0 = Release|Any CPU
		{9D781919-2B94-4874-A12B-E00B9060622C}.Release|x86.ActiveCfg = Release|Any CPU
		{9D781919-2B94-4874-A12B-E00B9060622C}.Release|x86.Build.0 = Release|Any CPU
	EndGlobalSection
	GlobalSection(SolutionProperties) = preSolution
		HideSolutionNode = FALSE
	EndGlobalSection
	GlobalSection(NestedProjects) = preSolution
		{3A0C3B81-0551-4EBD-A146-E13A86C3DDE6} = {827E0CD3-B72D-47B6-A68D-7590B98EB39B}
		{A020CDA3-31D7-4F76-BBC9-F659ED4C697F} = {827E0CD3-B72D-47B6-A68D-7590B98EB39B}
		{7E839842-68D2-4C4B-A2AE-AF452BE6CD27} = {827E0CD3-B72D-47B6-A68D-7590B98EB39B}
		{8A48A86B-874E-4BF9-BAD9-0C94FA4C4533} = {827E0CD3-B72D-47B6-A68D-7590B98EB39B}
		{3BF4986D-8406-428B-9108-0283FE16B7A0} = {827E0CD3-B72D-47B6-A68D-7590B98EB39B}
		{66EDC034-72D1-48E7-982A-C5284083D2B8} = {827E0CD3-B72D-47B6-A68D-7590B98EB39B}
		{9D781919-2B94-4874-A12B-E00B9060622C} = {827E0CD3-B72D-47B6-A68D-7590B98EB39B}
	EndGlobalSection
EndGlobal
